
Microsoft Visual Studio Solution File, Format Version 12.00
# Visual Studio Version 16
VisualStudioVersion = 16.0.29613.14
MinimumVisualStudioVersion = 10.0.40219.1
Project("{888888A0-9F3D-457C-B088-3A5042F75D52}") = "ProjectEuler", "ProjectEuler.pyproj", "{17832FB1-AC18-4DE7-AB24-D0B65038E6AC}"
EndProject
Global
	GlobalSection(SolutionConfigurationPlatforms) = preSolution
		Debug|Any CPU = Debug|Any CPU
		Release|Any CPU = Release|Any CPU
	EndGlobalSection
	GlobalSection(ProjectConfigurationPlatforms) = postSolution
		{17832FB1-AC18-4DE7-AB24-D0B65038E6AC}.Debug|Any CPU.ActiveCfg = Debug|Any CPU
		{17832FB1-AC18-4DE7-AB24-D0B65038E6AC}.Release|Any CPU.ActiveCfg = Release|Any CPU
	EndGlobalSection
	GlobalSection(SolutionProperties) = preSolution
		HideSolutionNode = FALSE
	EndGlobalSection
	GlobalSection(ExtensibilityGlobals) = postSolution
		SolutionGuid = {C83944A8-3AB5-4147-8F57-C9534E7F900A}
	EndGlobalSection
EndGlobal
